{
  "requires": true,
  "lockfileVersion": 1,
  "dependencies": {
    "vue-circle-slider": {
      "version": "1.0.2",
      "resolved": "https://registry.npmjs.org/vue-circle-slider/-/vue-circle-slider-1.0.2.tgz",
      "integrity": "sha512-OGvQnzYb8xFr0ph8dNLzD7Vbd1pNxJTVxS7OzsqoC5T2wAswLSa339JVP9J/V5MWya5tsqyExq/7N+uMl1IoRQ=="
    },
    "vue-slider-component": {
      "version": "2.6.1",
      "resolved": "https://registry.npmjs.org/vue-slider-component/-/vue-slider-component-2.6.1.tgz",
      "integrity": "sha512-x0yv2BLny29M3IThGv8Nm3vrY9zx3PHyLvQIWsmx8LjsmDbuxheY2Lkv4MT0ndHvQALOLWT9CGhkYgM0y9loQg=="
    }
  }
}
